PODS:
  - Alamofire (4.8.2)
  - Locksmith (4.0.0)
  - MJRefresh (3.2.0)
  - mob_smssdk (3.2.3):
    - MOBFoundation
  - MOBFoundation (3.2.6)
  - Qiniu (7.2.6)
  - SnapKit (4.2.0)
  - SwiftyJSON (4.0.0)
  - WechatOpenSDK (1.8.6)
  - Weibo_SDK (3.2.5.1)

DEPENDENCIES:
  - Alamofire (~> 4.8.0)
  - Locksmith
  - MJRefresh (~> 3.1)
  - mob_smssdk
  - Qiniu (~> 7.1)
  - SnapKit (~> 4.0)
  - SwiftyJSON (~> 4.0.0)
  - WechatOpenSDK
  - Weibo_SDK (from `https://github.com/sinaweibosdk/weibo_ios_sdk.git`)

SPEC REPOS:
  trunk:
    - Alamofire
    - Locksmith
    - MJRefresh
    - mob_smssdk
    - MOBFoundation
    - Qiniu
    - SnapKit
    - SwiftyJSON
    - WechatOpenSDK

EXTERNAL SOURCES:
  Weibo_SDK:
    :git: https://github.com/sinaweibosdk/weibo_ios_sdk.git

CHECKOUT OPTIONS:
  Weibo_SDK:
    :commit: 649b53fde521202c1303f18c1fa4f8880ef4b993
    :git: https://github.com/sinaweibosdk/weibo_ios_sdk.git

SPEC CHECKSUMS:
  Alamofire: ae5c501addb7afdbb13687d7f2f722c78734c2d3
  Locksmith: e9bebbaaa4cee3c511bc358a44f843c3fe00e21f
  MJRefresh: ed450d6eb9d3346a2cb033ab7eb6de090aeef437
  mob_smssdk: cdb6a31d4fd4667ed928e2eca03f21ad89ebc05c
  MOBFoundation: 08c456357888e4c984fba23bbf04cfd2f4fc1e02
  Qiniu: 9d1f20dcc348919972b4ee1b1272f9b9d4a7e69e
  SnapKit: fe8a619752f3f27075cc9a90244d75c6c3f27e2a
  SwiftyJSON: 070dabdcb1beb81b247c65ffa3a79dbbfb3b48aa
  WechatOpenSDK: 368ae03b72ee3ea1328c4f11326fbb5d2721d118
  Weibo_SDK: 76455315cb43d6a63c1990bf91483f05a98d45fd

PODFILE CHECKSUM: 9c15faf450f84c6ff0eaaa8501fa034dc0651e49

COCOAPODS: 1.8.4
